// !$*UTF8*$!
{
	archiveVersion = 1;
	classes = {
	};
	objectVersion = 50;
	objects = {

/* Begin PBXBuildFile section */
		1D2C4E0D222D577B00B0139B /* MergeIntervals.swift in Sources */ = {isa = PBXBuildFile; fileRef = 1D2C4E0C222D577B00B0139B /* MergeIntervals.swift */; };
		1D30CA5121763FD000D7C0BB /* LongestPalindromicSubstring.swift in Sources */ = {isa = PBXBuildFile; fileRef = 1D30CA5021763FD000D7C0BB /* LongestPalindromicSubstring.swift */; };
		1D30CA5321764CBD00D7C0BB /* Pow.swift in Sources */ = {isa = PBXBuildFile; fileRef = 1D30CA5221764CBD00D7C0BB /* Pow.swift */; };
		1D30CA5521764CFE00D7C0BB /* LongestSubstringWithoutRepeatingCharacters.swift in Sources */ = {isa = PBXBuildFile; fileRef = 1D30CA5421764CFE00D7C0BB /* LongestSubstringWithoutRepeatingCharacters.swift */; };
		1D40A633218CBA4600D2D5FD /* WildcardMatching.swift in Sources */ = {isa = PBXBuildFile; fileRef = 1D40A632218CBA4600D2D5FD /* WildcardMatching.swift */; };
		1D40A635218E051800D2D5FD /* MaximumSubarray.swift in Sources */ = {isa = PBXBuildFile; fileRef = 1D40A634218E051800D2D5FD /* MaximumSubarray.swift */; };
		1D40A637218EBC4000D2D5FD /* CoinChange.swift in Sources */ = {isa = PBXBuildFile; fileRef = 1D40A636218EBC4000D2D5FD /* CoinChange.swift */; };
		1D40A63A218F351100D2D5FD /* BinaryTreeRightSideView.swift in Sources */ = {isa = PBXBuildFile; fileRef = 1D40A639218F351100D2D5FD /* BinaryTreeRightSideView.swift */; };
		1D40A63C21907F0300D2D5FD /* LongestIncreasingSubsequence.swift in Sources */ = {isa = PBXBuildFile; fileRef = 1D40A63B21907F0300D2D5FD /* LongestIncreasingSubsequence.swift */; };
		1D62103421C2A3CE0013316D /* ReverseLinkedList.swift in Sources */ = {isa = PBXBuildFile; fileRef = 1D62103321C2A3CE0013316D /* ReverseLinkedList.swift */; };
		1D63678A2191ED4C007C4D17 /* MergeTwoSortedLists.swift in Sources */ = {isa = PBXBuildFile; fileRef = 1D6367892191ED4C007C4D17 /* MergeTwoSortedLists.swift */; };
		1D7CCCD122216EBD00C9B8B9 /* LRUCache.swift in Sources */ = {isa = PBXBuildFile; fileRef = 1D7CCCD022216EBD00C9B8B9 /* LRUCache.swift */; };
		1D8A156821C574FA0068B03D /* SubtreeOfAnotherTree.swift in Sources */ = {isa = PBXBuildFile; fileRef = 1D8A156721C574FA0068B03D /* SubtreeOfAnotherTree.swift */; };
		1D9537D121763D7B00A2C3AD /* main.swift in Sources */ = {isa = PBXBuildFile; fileRef = 1D9537D021763D7B00A2C3AD /* main.swift */; };
		1DB1A2CE222D628300375700 /* UniquePaths.swift in Sources */ = {isa = PBXBuildFile; fileRef = 1DB1A2CD222D628300375700 /* UniquePaths.swift */; };
		1DB528CB21CFD0C000C72819 /* ThreeSumClosest.swift in Sources */ = {isa = PBXBuildFile; fileRef = 1DB528CA21CFD0C000C72819 /* ThreeSumClosest.swift */; };
		1DC2129C219B24E400646031 /* SuperEggDrop.swift in Sources */ = {isa = PBXBuildFile; fileRef = 1DC2129B219B24E400646031 /* SuperEggDrop.swift */; };
		1DD6247A2222CD5700C5E09D /* LetterCombinationsOfAPhoneNumber.swift in Sources */ = {isa = PBXBuildFile; fileRef = 1DD624792222CD5700C5E09D /* LetterCombinationsOfAPhoneNumber.swift */; };
		1DDC34B621C662F8008793D8 /* MajorityElement.swift in Sources */ = {isa = PBXBuildFile; fileRef = 1DDC34B521C662F8008793D8 /* MajorityElement.swift */; };
		1DDC34B821C668D8008793D8 /* BinaryTreeLevelOrderTraversal.swift in Sources */ = {isa = PBXBuildFile; fileRef = 1DDC34B721C668D8008793D8 /* BinaryTreeLevelOrderTraversal.swift */; };
		1DDC34BA21C6739F008793D8 /* MaximumDepthOfBinaryTree.swift in Sources */ = {isa = PBXBuildFile; fileRef = 1DDC34B921C6739F008793D8 /* MaximumDepthOfBinaryTree.swift */; };
		1DDC34BC21C677E0008793D8 /* MinimumDepthOfBinaryTree.swift in Sources */ = {isa = PBXBuildFile; fileRef = 1DDC34BB21C677E0008793D8 /* MinimumDepthOfBinaryTree.swift */; };
		1DF3F90921C4DDB900985128 /* InvertBinaryTree.swift in Sources */ = {isa = PBXBuildFile; fileRef = 1DF3F90821C4DDB900985128 /* InvertBinaryTree.swift */; };
		1DF3F90B21C4F74F00985128 /* BinaryTreeInorderTraversal.swift in Sources */ = {isa = PBXBuildFile; fileRef = 1DF3F90A21C4F74F00985128 /* BinaryTreeInorderTraversal.swift */; };
		1DF3F90D21C4FCFB00985128 /* BalancedBinaryTree.swift in Sources */ = {isa = PBXBuildFile; fileRef = 1DF3F90C21C4FCFB00985128 /* BalancedBinaryTree.swift */; };
		1DF3F90F21C5265300985128 /* BalancedBinaryTreeDFS.swift in Sources */ = {isa = PBXBuildFile; fileRef = 1DF3F90E21C5265300985128 /* BalancedBinaryTreeDFS.swift */; };
		1DF3F91121C52A9100985128 /* ValidateBinarySearchTree.swift in Sources */ = {isa = PBXBuildFile; fileRef = 1DF3F91021C52A9100985128 /* ValidateBinarySearchTree.swift */; };
		1DF3F91321C52FC600985128 /* ContainerWithMostWater.swift in Sources */ = {isa = PBXBuildFile; fileRef = 1DF3F91221C52FC600985128 /* ContainerWithMostWater.swift */; };
		1DF519E2222A9A85007A8C9A /* RemoveNthNodeFromEndOfList.swift in Sources */ = {isa = PBXBuildFile; fileRef = 1DF519E1222A9A85007A8C9A /* RemoveNthNodeFromEndOfList.swift */; };
		1DF519E4222AACC8007A8C9A /* ValidParentheses.swift in Sources */ = {isa = PBXBuildFile; fileRef = 1DF519E3222AACC8007A8C9A /* ValidParentheses.swift */; };
		1DF519E6222ABC58007A8C9A /* GenerateParentheses.swift in Sources */ = {isa = PBXBuildFile; fileRef = 1DF519E5222ABC58007A8C9A /* GenerateParentheses.swift */; };
		1DF519E8222ADFB5007A8C9A /* NextPermutation.swift in Sources */ = {isa = PBXBuildFile; fileRef = 1DF519E7222ADFB5007A8C9A /* NextPermutation.swift */; };
		1DF519EA222AED94007A8C9A /* SearchInRotatedSortedArray.swift in Sources */ = {isa = PBXBuildFile; fileRef = 1DF519E9222AED94007A8C9A /* SearchInRotatedSortedArray.swift */; };
		1DF519EC222BBFF1007A8C9A /* FindFirstAndLastPositionOfElementInSortedArray.swift in Sources */ = {isa = PBXBuildFile; fileRef = 1DF519EB222BBFF1007A8C9A /* FindFirstAndLastPositionOfElementInSortedArray.swift */; };
		1DF519EE222BDD07007A8C9A /* CombinationSum.swift in Sources */ = {isa = PBXBuildFile; fileRef = 1DF519ED222BDD07007A8C9A /* CombinationSum.swift */; };
		1DF519F0222BEDE7007A8C9A /* Permutations.swift in Sources */ = {isa = PBXBuildFile; fileRef = 1DF519EF222BEDE7007A8C9A /* Permutations.swift */; };
		1DF519F2222BFCA6007A8C9A /* RotateImage.swift in Sources */ = {isa = PBXBuildFile; fileRef = 1DF519F1222BFCA6007A8C9A /* RotateImage.swift */; };
		1DF519F4222C1C90007A8C9A /* JumpGame.swift in Sources */ = {isa = PBXBuildFile; fileRef = 1DF519F3222C1C90007A8C9A /* JumpGame.swift */; };
		1DF519F6222C3966007A8C9A /* GroupAnagrams.swift in Sources */ = {isa = PBXBuildFile; fileRef = 1DF519F5222C3966007A8C9A /* GroupAnagrams.swift */; };
		1DFD221A21CE726F00537FE8 /* ThreeSum.swift in Sources */ = {isa = PBXBuildFile; fileRef = 1DFD221921CE726F00537FE8 /* ThreeSum.swift */; };
		313621032186B82800E9B9BB /* TwoSum.swift in Sources */ = {isa = PBXBuildFile; fileRef = 313621022186B82800E9B9BB /* TwoSum.swift */; };
		313621062186DFEC00E9B9BB /* AddTwoNumbers.swift in Sources */ = {isa = PBXBuildFile; fileRef = 313621052186DFEC00E9B9BB /* AddTwoNumbers.swift */; };
		313621082188737800E9B9BB /* MedianOfTwoSortedArrays.swift in Sources */ = {isa = PBXBuildFile; fileRef = 313621072188737800E9B9BB /* MedianOfTwoSortedArrays.swift */; };
		314DE6DA218BF67B001C84FB /* ReverseInteger.swift in Sources */ = {isa = PBXBuildFile; fileRef = 314DE6D9218BF67B001C84FB /* ReverseInteger.swift */; };
		314DE6DE218C2921001C84FB /* StringToInteger.swift in Sources */ = {isa = PBXBuildFile; fileRef = 314DE6DD218C2921001C84FB /* StringToInteger.swift */; };
		314DE6E0218C48CE001C84FB /* PalindromeNumber.swift in Sources */ = {isa = PBXBuildFile; fileRef = 314DE6DF218C48CE001C84FB /* PalindromeNumber.swift */; };
		314DE6E2218C53D0001C84FB /* RegularExpressionMatching.swift in Sources */ = {isa = PBXBuildFile; fileRef = 314DE6E1218C53D0001C84FB /* RegularExpressionMatching.swift */; };
		31A0D4C121901146009E357D /* LongestContinuousIncreasingSubsequence.swift in Sources */ = {isa = PBXBuildFile; fileRef = 31A0D4C021901146009E357D /* LongestContinuousIncreasingSubsequence.swift */; };
		31A0D4C321913AF7009E357D /* ClimbingStairs.swift in Sources */ = {isa = PBXBuildFile; fileRef = 31A0D4C221913AF7009E357D /* ClimbingStairs.swift */; };
		31C53EFE218AF60C00F340E2 /* ZigZagConversion.swift in Sources */ = {isa = PBXBuildFile; fileRef = 31C53EFD218AF60C00F340E2 /* ZigZagConversion.swift */; };
/* End PBXBuildFile section */

/* Begin PBXCopyFilesBuildPhase section */
		1D9537CB21763D7B00A2C3AD /* CopyFiles */ = {
			isa = PBXCopyFilesBuildPhase;
			buildActionMask = 2147483647;
			dstPath = /usr/share/man/man1/;
			dstSubfolderSpec = 0;
			files = (
			);
			runOnlyForDeploymentPostprocessing = 1;
		};
/* End PBXCopyFilesBuildPhase section */

/* Begin PBXFileReference section */
		1D2C4E0C222D577B00B0139B /* MergeIntervals.swift */ = {isa = PBXFileReference; lastKnownFileType = sourcecode.swift; path = MergeIntervals.swift; sourceTree = "<group>"; };
		1D30CA5021763FD000D7C0BB /* LongestPalindromicSubstring.swift */ = {isa = PBXFileReference; lastKnownFileType = sourcecode.swift; path = LongestPalindromicSubstring.swift; sourceTree = "<group>"; };
		1D30CA5221764CBD00D7C0BB /* Pow.swift */ = {isa = PBXFileReference; lastKnownFileType = sourcecode.swift; path = Pow.swift; sourceTree = "<group>"; };
		1D30CA5421764CFE00D7C0BB /* LongestSubstringWithoutRepeatingCharacters.swift */ = {isa = PBXFileReference; lastKnownFileType = sourcecode.swift; path = LongestSubstringWithoutRepeatingCharacters.swift; sourceTree = "<group>"; };
		1D40A632218CBA4600D2D5FD /* WildcardMatching.swift */ = {isa = PBXFileReference; lastKnownFileType = sourcecode.swift; path = WildcardMatching.swift; sourceTree = "<group>"; };
		1D40A634218E051800D2D5FD /* MaximumSubarray.swift */ = {isa = PBXFileReference; lastKnownFileType = sourcecode.swift; path = MaximumSubarray.swift; sourceTree = "<group>"; };
		1D40A636218EBC4000D2D5FD /* CoinChange.swift */ = {isa = PBXFileReference; lastKnownFileType = sourcecode.swift; path = CoinChange.swift; sourceTree = "<group>"; };
		1D40A639218F351100D2D5FD /* BinaryTreeRightSideView.swift */ = {isa = PBXFileReference; lastKnownFileType = sourcecode.swift; path = BinaryTreeRightSideView.swift; sourceTree = "<group>"; };
		1D40A63B21907F0300D2D5FD /* LongestIncreasingSubsequence.swift */ = {isa = PBXFileReference; lastKnownFileType = sourcecode.swift; path = LongestIncreasingSubsequence.swift; sourceTree = "<group>"; };
		1D62103321C2A3CE0013316D /* ReverseLinkedList.swift */ = {isa = PBXFileReference; lastKnownFileType = sourcecode.swift; path = ReverseLinkedList.swift; sourceTree = "<group>"; };
		1D6367892191ED4C007C4D17 /* MergeTwoSortedLists.swift */ = {isa = PBXFileReference; lastKnownFileType = sourcecode.swift; path = MergeTwoSortedLists.swift; sourceTree = "<group>"; };
		1D7CCCD022216EBD00C9B8B9 /* LRUCache.swift */ = {isa = PBXFileReference; lastKnownFileType = sourcecode.swift; path = LRUCache.swift; sourceTree = "<group>"; };
		1D8A156721C574FA0068B03D /* SubtreeOfAnotherTree.swift */ = {isa = PBXFileReference; lastKnownFileType = sourcecode.swift; path = SubtreeOfAnotherTree.swift; sourceTree = "<group>"; };
		1D9537CD21763D7B00A2C3AD /* LeetCode-Swift */ = {isa = PBXFileReference; explicitFileType = "compiled.mach-o.executable"; includeInIndex = 0; path = "LeetCode-Swift"; sourceTree = BUILT_PRODUCTS_DIR; };
		1D9537D021763D7B00A2C3AD /* main.swift */ = {isa = PBXFileReference; lastKnownFileType = sourcecode.swift; path = main.swift; sourceTree = "<group>"; };
		1DB1A2CD222D628300375700 /* UniquePaths.swift */ = {isa = PBXFileReference; lastKnownFileType = sourcecode.swift; path = UniquePaths.swift; sourceTree = "<group>"; };
		1DB528CA21CFD0C000C72819 /* ThreeSumClosest.swift */ = {isa = PBXFileReference; lastKnownFileType = sourcecode.swift; path = ThreeSumClosest.swift; sourceTree = "<group>"; };
		1DC2129B219B24E400646031 /* SuperEggDrop.swift */ = {isa = PBXFileReference; lastKnownFileType = sourcecode.swift; path = SuperEggDrop.swift; sourceTree = "<group>"; };
		1DD624792222CD5700C5E09D /* LetterCombinationsOfAPhoneNumber.swift */ = {isa = PBXFileReference; lastKnownFileType = sourcecode.swift; path = LetterCombinationsOfAPhoneNumber.swift; sourceTree = "<group>"; };
		1DDC34B521C662F8008793D8 /* MajorityElement.swift */ = {isa = PBXFileReference; lastKnownFileType = sourcecode.swift; path = MajorityElement.swift; sourceTree = "<group>"; };
		1DDC34B721C668D8008793D8 /* BinaryTreeLevelOrderTraversal.swift */ = {isa = PBXFileReference; lastKnownFileType = sourcecode.swift; path = BinaryTreeLevelOrderTraversal.swift; sourceTree = "<group>"; };
		1DDC34B921C6739F008793D8 /* MaximumDepthOfBinaryTree.swift */ = {isa = PBXFileReference; lastKnownFileType = sourcecode.swift; path = MaximumDepthOfBinaryTree.swift; sourceTree = "<group>"; };
		1DDC34BB21C677E0008793D8 /* MinimumDepthOfBinaryTree.swift */ = {isa = PBXFileReference; lastKnownFileType = sourcecode.swift; path = MinimumDepthOfBinaryTree.swift; sourceTree = "<group>"; };
		1DF3F90821C4DDB900985128 /* InvertBinaryTree.swift */ = {isa = PBXFileReference; lastKnownFileType = sourcecode.swift; path = InvertBinaryTree.swift; sourceTree = "<group>"; };
		1DF3F90A21C4F74F00985128 /* BinaryTreeInorderTraversal.swift */ = {isa = PBXFileReference; lastKnownFileType = sourcecode.swift; path = BinaryTreeInorderTraversal.swift; sourceTree = "<group>"; };
		1DF3F90C21C4FCFB00985128 /* BalancedBinaryTree.swift */ = {isa = PBXFileReference; lastKnownFileType = sourcecode.swift; path = BalancedBinaryTree.swift; sourceTree = "<group>"; };
		1DF3F90E21C5265300985128 /* BalancedBinaryTreeDFS.swift */ = {isa = PBXFileReference; lastKnownFileType = sourcecode.swift; path = BalancedBinaryTreeDFS.swift; sourceTree = "<group>"; };
		1DF3F91021C52A9100985128 /* ValidateBinarySearchTree.swift */ = {isa = PBXFileReference; lastKnownFileType = sourcecode.swift; path = ValidateBinarySearchTree.swift; sourceTree = "<group>"; };
		1DF3F91221C52FC600985128 /* ContainerWithMostWater.swift */ = {isa = PBXFileReference; lastKnownFileType = sourcecode.swift; path = ContainerWithMostWater.swift; sourceTree = "<group>"; };
		1DF519E1222A9A85007A8C9A /* RemoveNthNodeFromEndOfList.swift */ = {isa = PBXFileReference; lastKnownFileType = sourcecode.swift; path = RemoveNthNodeFromEndOfList.swift; sourceTree = "<group>"; };
		1DF519E3222AACC8007A8C9A /* ValidParentheses.swift */ = {isa = PBXFileReference; lastKnownFileType = sourcecode.swift; path = ValidParentheses.swift; sourceTree = "<group>"; };
		1DF519E5222ABC58007A8C9A /* GenerateParentheses.swift */ = {isa = PBXFileReference; lastKnownFileType = sourcecode.swift; path = GenerateParentheses.swift; sourceTree = "<group>"; };
		1DF519E7222ADFB5007A8C9A /* NextPermutation.swift */ = {isa = PBXFileReference; lastKnownFileType = sourcecode.swift; path = NextPermutation.swift; sourceTree = "<group>"; };
		1DF519E9222AED94007A8C9A /* SearchInRotatedSortedArray.swift */ = {isa = PBXFileReference; lastKnownFileType = sourcecode.swift; path = SearchInRotatedSortedArray.swift; sourceTree = "<group>"; };
		1DF519EB222BBFF1007A8C9A /* FindFirstAndLastPositionOfElementInSortedArray.swift */ = {isa = PBXFileReference; lastKnownFileType = sourcecode.swift; path = FindFirstAndLastPositionOfElementInSortedArray.swift; sourceTree = "<group>"; };
		1DF519ED222BDD07007A8C9A /* CombinationSum.swift */ = {isa = PBXFileReference; lastKnownFileType = sourcecode.swift; path = CombinationSum.swift; sourceTree = "<group>"; };
		1DF519EF222BEDE7007A8C9A /* Permutations.swift */ = {isa = PBXFileReference; lastKnownFileType = sourcecode.swift; path = Permutations.swift; sourceTree = "<group>"; };
		1DF519F1222BFCA6007A8C9A /* RotateImage.swift */ = {isa = PBXFileReference; lastKnownFileType = sourcecode.swift; path = RotateImage.swift; sourceTree = "<group>"; };
		1DF519F3222C1C90007A8C9A /* JumpGame.swift */ = {isa = PBXFileReference; lastKnownFileType = sourcecode.swift; path = JumpGame.swift; sourceTree = "<group>"; };
		1DF519F5222C3966007A8C9A /* GroupAnagrams.swift */ = {isa = PBXFileReference; lastKnownFileType = sourcecode.swift; path = GroupAnagrams.swift; sourceTree = "<group>"; };
		1DFD221921CE726F00537FE8 /* ThreeSum.swift */ = {isa = PBXFileReference; lastKnownFileType = sourcecode.swift; path = ThreeSum.swift; sourceTree = "<group>"; };
		313621022186B82800E9B9BB /* TwoSum.swift */ = {isa = PBXFileReference; lastKnownFileType = sourcecode.swift; path = TwoSum.swift; sourceTree = "<group>"; };
		313621052186DFEC00E9B9BB /* AddTwoNumbers.swift */ = {isa = PBXFileReference; lastKnownFileType = sourcecode.swift; path = AddTwoNumbers.swift; sourceTree = "<group>"; };
		313621072188737800E9B9BB /* MedianOfTwoSortedArrays.swift */ = {isa = PBXFileReference; lastKnownFileType = sourcecode.swift; path = MedianOfTwoSortedArrays.swift; sourceTree = "<group>"; };
		314DE6D9218BF67B001C84FB /* ReverseInteger.swift */ = {isa = PBXFileReference; lastKnownFileType = sourcecode.swift; path = ReverseInteger.swift; sourceTree = "<group>"; };
		314DE6DD218C2921001C84FB /* StringToInteger.swift */ = {isa = PBXFileReference; lastKnownFileType = sourcecode.swift; path = StringToInteger.swift; sourceTree = "<group>"; };
		314DE6DF218C48CE001C84FB /* PalindromeNumber.swift */ = {isa = PBXFileReference; lastKnownFileType = sourcecode.swift; path = PalindromeNumber.swift; sourceTree = "<group>"; };
		314DE6E1218C53D0001C84FB /* RegularExpressionMatching.swift */ = {isa = PBXFileReference; lastKnownFileType = sourcecode.swift; path = RegularExpressionMatching.swift; sourceTree = "<group>"; };
		31A0D4C021901146009E357D /* LongestContinuousIncreasingSubsequence.swift */ = {isa = PBXFileReference; fileEncoding = 4; lastKnownFileType = sourcecode.swift; path = LongestContinuousIncreasingSubsequence.swift; sourceTree = "<group>"; };
		31A0D4C221913AF7009E357D /* ClimbingStairs.swift */ = {isa = PBXFileReference; lastKnownFileType = sourcecode.swift; path = ClimbingStairs.swift; sourceTree = "<group>"; };
		31C53EFD218AF60C00F340E2 /* ZigZagConversion.swift */ = {isa = PBXFileReference; lastKnownFileType = sourcecode.swift; path = ZigZagConversion.swift; sourceTree = "<group>"; };
/* End PBXFileReference section */

/* Begin PBXFrameworksBuildPhase section */
		1D9537CA21763D7B00A2C3AD /* Frameworks */ = {
			isa = PBXFrameworksBuildPhase;
			buildActionMask = 2147483647;
			files = (
			);
			runOnlyForDeploymentPostprocessing = 0;
		};
/* End PBXFrameworksBuildPhase section */

/* Begin PBXGroup section */
		1D40A638218F34EA00D2D5FD /* DFS */ = {
			isa = PBXGroup;
			children = (
				1D40A639218F351100D2D5FD /* BinaryTreeRightSideView.swift */,
				1DF3F90E21C5265300985128 /* BalancedBinaryTreeDFS.swift */,
			);
			name = DFS;
			path = ../DFS;
			sourceTree = "<group>";
		};
		1D7CCCCF22216EA200C9B8B9 /* Design */ = {
			isa = PBXGroup;
			children = (
				1D7CCCD022216EBD00C9B8B9 /* LRUCache.swift */,
			);
			name = Design;
			path = ../Design;
			sourceTree = "<group>";
		};
		1D9537C421763D7B00A2C3AD = {
			isa = PBXGroup;
			children = (
				1D7CCCCF22216EA200C9B8B9 /* Design */,
				313621012186B74800E9B9BB /* Array */,
				1D40A638218F34EA00D2D5FD /* DFS */,
				1D9537D921763DF200A2C3AD /* DP */,
				1D9537CF21763D7B00A2C3AD /* LeetCode-Swift */,
				313621042186DFD400E9B9BB /* LinkedList */,
				1D9537D721763DF200A2C3AD /* Math */,
				1D9537CE21763D7B00A2C3AD /* Products */,
				1D9537D821763DF200A2C3AD /* String */,
				1DF3F90721C4DD8700985128 /* Tree */,
			);
			sourceTree = "<group>";
		};
		1D9537CE21763D7B00A2C3AD /* Products */ = {
			isa = PBXGroup;
			children = (
				1D9537CD21763D7B00A2C3AD /* LeetCode-Swift */,
			);
			name = Products;
			sourceTree = "<group>";
		};
		1D9537CF21763D7B00A2C3AD /* LeetCode-Swift */ = {
			isa = PBXGroup;
			children = (
				1D9537D021763D7B00A2C3AD /* main.swift */,
			);
			path = "LeetCode-Swift";
			sourceTree = "<group>";
		};
		1D9537D721763DF200A2C3AD /* Math */ = {
			isa = PBXGroup;
			children = (
				314DE6DF218C48CE001C84FB /* PalindromeNumber.swift */,
				1D30CA5221764CBD00D7C0BB /* Pow.swift */,
				314DE6D9218BF67B001C84FB /* ReverseInteger.swift */,
			);
			name = Math;
			path = ../Math;
			sourceTree = "<group>";
		};
		1D9537D821763DF200A2C3AD /* String */ = {
			isa = PBXGroup;
			children = (
				1DF519E5222ABC58007A8C9A /* GenerateParentheses.swift */,
				1DF519F5222C3966007A8C9A /* GroupAnagrams.swift */,
				1DD624792222CD5700C5E09D /* LetterCombinationsOfAPhoneNumber.swift */,
				1D30CA5421764CFE00D7C0BB /* LongestSubstringWithoutRepeatingCharacters.swift */,
				314DE6DD218C2921001C84FB /* StringToInteger.swift */,
				1DF519E3222AACC8007A8C9A /* ValidParentheses.swift */,
				31C53EFD218AF60C00F340E2 /* ZigZagConversion.swift */,
			);
			name = String;
			path = ../String;
			sourceTree = "<group>";
		};
		1D9537D921763DF200A2C3AD /* DP */ = {
			isa = PBXGroup;
			children = (
				31A0D4C221913AF7009E357D /* ClimbingStairs.swift */,
				1D40A636218EBC4000D2D5FD /* CoinChange.swift */,
				1DF519F3222C1C90007A8C9A /* JumpGame.swift */,
				1D40A63B21907F0300D2D5FD /* LongestIncreasingSubsequence.swift */,
				1D30CA5021763FD000D7C0BB /* LongestPalindromicSubstring.swift */,
				1D40A634218E051800D2D5FD /* MaximumSubarray.swift */,
				314DE6E1218C53D0001C84FB /* RegularExpressionMatching.swift */,
				1DC2129B219B24E400646031 /* SuperEggDrop.swift */,
				1DB1A2CD222D628300375700 /* UniquePaths.swift */,
				1D40A632218CBA4600D2D5FD /* WildcardMatching.swift */,
			);
			name = DP;
			path = ../DP;
			sourceTree = "<group>";
		};
		1DF3F90721C4DD8700985128 /* Tree */ = {
			isa = PBXGroup;
			children = (
				1DF3F90C21C4FCFB00985128 /* BalancedBinaryTree.swift */,
				1DF3F90A21C4F74F00985128 /* BinaryTreeInorderTraversal.swift */,
				1DDC34B721C668D8008793D8 /* BinaryTreeLevelOrderTraversal.swift */,
				1DF3F90821C4DDB900985128 /* InvertBinaryTree.swift */,
				1DDC34B921C6739F008793D8 /* MaximumDepthOfBinaryTree.swift */,
				1DDC34BB21C677E0008793D8 /* MinimumDepthOfBinaryTree.swift */,
				1D8A156721C574FA0068B03D /* SubtreeOfAnotherTree.swift */,
				1DF3F91021C52A9100985128 /* ValidateBinarySearchTree.swift */,
			);
			name = Tree;
			path = ../Tree;
			sourceTree = "<group>";
		};
		313621012186B74800E9B9BB /* Array */ = {
			isa = PBXGroup;
			children = (
				1DF519ED222BDD07007A8C9A /* CombinationSum.swift */,
				1DF3F91221C52FC600985128 /* ContainerWithMostWater.swift */,
				1DF519EB222BBFF1007A8C9A /* FindFirstAndLastPositionOfElementInSortedArray.swift */,
				31A0D4C021901146009E357D /* LongestContinuousIncreasingSubsequence.swift */,
				1DDC34B521C662F8008793D8 /* MajorityElement.swift */,
				313621072188737800E9B9BB /* MedianOfTwoSortedArrays.swift */,
				1D2C4E0C222D577B00B0139B /* MergeIntervals.swift */,
				1DF519E7222ADFB5007A8C9A /* NextPermutation.swift */,
				1DF519EF222BEDE7007A8C9A /* Permutations.swift */,
				1DF519F1222BFCA6007A8C9A /* RotateImage.swift */,
				1DF519E9222AED94007A8C9A /* SearchInRotatedSortedArray.swift */,
				1DFD221921CE726F00537FE8 /* ThreeSum.swift */,
				1DB528CA21CFD0C000C72819 /* ThreeSumClosest.swift */,
				313621022186B82800E9B9BB /* TwoSum.swift */,
			);
			name = Array;
			path = ../Array;
			sourceTree = "<group>";
		};
		313621042186DFD400E9B9BB /* LinkedList */ = {
			isa = PBXGroup;
			children = (
				313621052186DFEC00E9B9BB /* AddTwoNumbers.swift */,
				1D6367892191ED4C007C4D17 /* MergeTwoSortedLists.swift */,
				1DF519E1222A9A85007A8C9A /* RemoveNthNodeFromEndOfList.swift */,
				1D62103321C2A3CE0013316D /* ReverseLinkedList.swift */,
			);
			name = LinkedList;
			path = ../LinkedList;
			sourceTree = "<group>";
		};
/* End PBXGroup section */

/* Begin PBXNativeTarget section */
		1D9537CC21763D7B00A2C3AD /* LeetCode-Swift */ = {
			isa = PBXNativeTarget;
			buildConfigurationList = 1D9537D421763D7B00A2C3AD /* Build configuration list for PBXNativeTarget "LeetCode-Swift" */;
			buildPhases = (
				1D9537C921763D7B00A2C3AD /* Sources */,
				1D9537CA21763D7B00A2C3AD /* Frameworks */,
				1D9537CB21763D7B00A2C3AD /* CopyFiles */,
			);
			buildRules = (
			);
			dependencies = (
			);
			name = "LeetCode-Swift";
			productName = "LeetCode-Swift";
			productReference = 1D9537CD21763D7B00A2C3AD /* LeetCode-Swift */;
			productType = "com.apple.product-type.tool";
		};
/* End PBXNativeTarget section */

/* Begin PBXProject section */
		1D9537C521763D7B00A2C3AD /* Project object */ = {
			isa = PBXProject;
			attributes = {
				LastSwiftUpdateCheck = 1000;
				LastUpgradeCheck = 1000;
				ORGANIZATIONNAME = menttofly;
				TargetAttributes = {
					1D9537CC21763D7B00A2C3AD = {
						CreatedOnToolsVersion = 10.0;
					};
				};
			};
			buildConfigurationList = 1D9537C821763D7B00A2C3AD /* Build configuration list for PBXProject "LeetCode-Swift" */;
			compatibilityVersion = "Xcode 9.3";
			developmentRegion = en;
			hasScannedForEncodings = 0;
			knownRegions = (
				en,
			);
			mainGroup = 1D9537C421763D7B00A2C3AD;
			productRefGroup = 1D9537CE21763D7B00A2C3AD /* Products */;
			projectDirPath = "";
			projectRoot = "";
			targets = (
				1D9537CC21763D7B00A2C3AD /* LeetCode-Swift */,
			);
		};
/* End PBXProject section */

/* Begin PBXSourcesBuildPhase section */
		1D9537C921763D7B00A2C3AD /* Sources */ = {
			isa = PBXSourcesBuildPhase;
			buildActionMask = 2147483647;
			files = (
				1DF3F91321C52FC600985128 /* ContainerWithMostWater.swift in Sources */,
				313621032186B82800E9B9BB /* TwoSum.swift in Sources */,
				1D30CA5321764CBD00D7C0BB /* Pow.swift in Sources */,
				1D9537D121763D7B00A2C3AD /* main.swift in Sources */,
				1DF519E2222A9A85007A8C9A /* RemoveNthNodeFromEndOfList.swift in Sources */,
				1DF519F6222C3966007A8C9A /* GroupAnagrams.swift in Sources */,
				31A0D4C121901146009E357D /* LongestContinuousIncreasingSubsequence.swift in Sources */,
				1DB1A2CE222D628300375700 /* UniquePaths.swift in Sources */,
				1DDC34BC21C677E0008793D8 /* MinimumDepthOfBinaryTree.swift in Sources */,
				1DFD221A21CE726F00537FE8 /* ThreeSum.swift in Sources */,
				314DE6E0218C48CE001C84FB /* PalindromeNumber.swift in Sources */,
				31C53EFE218AF60C00F340E2 /* ZigZagConversion.swift in Sources */,
				1DF519E4222AACC8007A8C9A /* ValidParentheses.swift in Sources */,
				1DC2129C219B24E400646031 /* SuperEggDrop.swift in Sources */,
				1D62103421C2A3CE0013316D /* ReverseLinkedList.swift in Sources */,
				31A0D4C321913AF7009E357D /* ClimbingStairs.swift in Sources */,
				1DF519F0222BEDE7007A8C9A /* Permutations.swift in Sources */,
				1D2C4E0D222D577B00B0139B /* MergeIntervals.swift in Sources */,
				1D7CCCD122216EBD00C9B8B9 /* LRUCache.swift in Sources */,
				1D8A156821C574FA0068B03D /* SubtreeOfAnotherTree.swift in Sources */,
				1DF3F90D21C4FCFB00985128 /* BalancedBinaryTree.swift in Sources */,
				314DE6DE218C2921001C84FB /* StringToInteger.swift in Sources */,
				1DDC34B821C668D8008793D8 /* BinaryTreeLevelOrderTraversal.swift in Sources */,
				1D40A63C21907F0300D2D5FD /* LongestIncreasingSubsequence.swift in Sources */,
				1DF519F4222C1C90007A8C9A /* JumpGame.swift in Sources */,
				313621062186DFEC00E9B9BB /* AddTwoNumbers.swift in Sources */,
				1D40A635218E051800D2D5FD /* MaximumSubarray.swift in Sources */,
				1DF519EC222BBFF1007A8C9A /* FindFirstAndLastPositionOfElementInSortedArray.swift in Sources */,
				1D30CA5121763FD000D7C0BB /* LongestPalindromicSubstring.swift in Sources */,
				1DF3F90921C4DDB900985128 /* InvertBinaryTree.swift in Sources */,
				1DF3F90F21C5265300985128 /* BalancedBinaryTreeDFS.swift in Sources */,
				1DF519E6222ABC58007A8C9A /* GenerateParentheses.swift in Sources */,
				1DF519EA222AED94007A8C9A /* SearchInRotatedSortedArray.swift in Sources */,
				1D40A633218CBA4600D2D5FD /* WildcardMatching.swift in Sources */,
				1D30CA5521764CFE00D7C0BB /* LongestSubstringWithoutRepeatingCharacters.swift in Sources */,
				1DDC34BA21C6739F008793D8 /* MaximumDepthOfBinaryTree.swift in Sources */,
				1DF519F2222BFCA6007A8C9A /* RotateImage.swift in Sources */,
				1D63678A2191ED4C007C4D17 /* MergeTwoSortedLists.swift in Sources */,
				1D40A63A218F351100D2D5FD /* BinaryTreeRightSideView.swift in Sources */,
				1D40A637218EBC4000D2D5FD /* CoinChange.swift in Sources */,
				313621082188737800E9B9BB /* MedianOfTwoSortedArrays.swift in Sources */,
				1DF519EE222BDD07007A8C9A /* CombinationSum.swift in Sources */,
				1DF519E8222ADFB5007A8C9A /* NextPermutation.swift in Sources */,
				314DE6DA218BF67B001C84FB /* ReverseInteger.swift in Sources */,
				1DF3F90B21C4F74F00985128 /* BinaryTreeInorderTraversal.swift in Sources */,
				1DF3F91121C52A9100985128 /* ValidateBinarySearchTree.swift in Sources */,
				1DB528CB21CFD0C000C72819 /* ThreeSumClosest.swift in Sources */,
				314DE6E2218C53D0001C84FB /* RegularExpressionMatching.swift in Sources */,
				1DDC34B621C662F8008793D8 /* MajorityElement.swift in Sources */,
				1DD6247A2222CD5700C5E09D /* LetterCombinationsOfAPhoneNumber.swift in Sources */,
			);
			runOnlyForDeploymentPostprocessing = 0;
		};
/* End PBXSourcesBuildPhase section */

/* Begin XCBuildConfiguration section */
		1D9537D221763D7B00A2C3AD /* Debug */ = {
			isa = XCBuildConfiguration;
			buildSettings = {
				ALWAYS_SEARCH_USER_PATHS = NO;
				CLANG_ANALYZER_NONNULL = YES;
				CLANG_ANALYZER_NUMBER_OBJECT_CONVERSION = YES_AGGRESSIVE;
				CLANG_CXX_LANGUAGE_STANDARD = "gnu++14";
				CLANG_CXX_LIBRARY = "libc++";
				CLANG_ENABLE_MODULES = YES;
				CLANG_ENABLE_OBJC_ARC = YES;
				CLANG_ENABLE_OBJC_WEAK = YES;
				CLANG_WARN_BLOCK_CAPTURE_AUTORELEASING = YES;
				CLANG_WARN_BOOL_CONVERSION = YES;
				CLANG_WARN_COMMA = YES;
				CLANG_WARN_CONSTANT_CONVERSION = YES;
				CLANG_WARN_DEPRECATED_OBJC_IMPLEMENTATIONS = YES;
				CLANG_WARN_DIRECT_OBJC_ISA_USAGE = YES_ERROR;
				CLANG_WARN_DOCUMENTATION_COMMENTS = YES;
				CLANG_WARN_EMPTY_BODY = YES;
				CLANG_WARN_ENUM_CONVERSION = YES;
				CLANG_WARN_INFINITE_RECURSION = YES;
				CLANG_WARN_INT_CONVERSION = YES;
				CLANG_WARN_NON_LITERAL_NULL_CONVERSION = YES;
				CLANG_WARN_OBJC_IMPLICIT_RETAIN_SELF = YES;
				CLANG_WARN_OBJC_LITERAL_CONVERSION = YES;
				CLANG_WARN_OBJC_ROOT_CLASS = YES_ERROR;
				CLANG_WARN_RANGE_LOOP_ANALYSIS = YES;
				CLANG_WARN_STRICT_PROTOTYPES = YES;
				CLANG_WARN_SUSPICIOUS_MOVE = YES;
				CLANG_WARN_UNGUARDED_AVAILABILITY = YES_AGGRESSIVE;
				CLANG_WARN_UNREACHABLE_CODE = YES;
				CLANG_WARN__DUPLICATE_METHOD_MATCH = YES;
				CODE_SIGN_IDENTITY = "-";
				COPY_PHASE_STRIP = NO;
				DEBUG_INFORMATION_FORMAT = dwarf;
				ENABLE_STRICT_OBJC_MSGSEND = YES;
				ENABLE_TESTABILITY = YES;
				GCC_C_LANGUAGE_STANDARD = gnu11;
				GCC_DYNAMIC_NO_PIC = NO;
				GCC_NO_COMMON_BLOCKS = YES;
				GCC_OPTIMIZATION_LEVEL = 0;
				GCC_PREPROCESSOR_DEFINITIONS = (
					"DEBUG=1",
					"$(inherited)",
				);
				GCC_WARN_64_TO_32_BIT_CONVERSION = YES;
				GCC_WARN_ABOUT_RETURN_TYPE = YES_ERROR;
				GCC_WARN_UNDECLARED_SELECTOR = YES;
				GCC_WARN_UNINITIALIZED_AUTOS = YES_AGGRESSIVE;
				GCC_WARN_UNUSED_FUNCTION = YES;
				GCC_WARN_UNUSED_VARIABLE = YES;
				MACOSX_DEPLOYMENT_TARGET = 10.14;
				MTL_ENABLE_DEBUG_INFO = INCLUDE_SOURCE;
				MTL_FAST_MATH = YES;
				ONLY_ACTIVE_ARCH = YES;
				SDKROOT = macosx;
				SWIFT_ACTIVE_COMPILATION_CONDITIONS = DEBUG;
				SWIFT_OPTIMIZATION_LEVEL = "-Onone";
			};
			name = Debug;
		};
		1D9537D321763D7B00A2C3AD /* Release */ = {
			isa = XCBuildConfiguration;
			buildSettings = {
				ALWAYS_SEARCH_USER_PATHS = NO;
				CLANG_ANALYZER_NONNULL = YES;
				CLANG_ANALYZER_NUMBER_OBJECT_CONVERSION = YES_AGGRESSIVE;
				CLANG_CXX_LANGUAGE_STANDARD = "gnu++14";
				CLANG_CXX_LIBRARY = "libc++";
				CLANG_ENABLE_MODULES = YES;
				CLANG_ENABLE_OBJC_ARC = YES;
				CLANG_ENABLE_OBJC_WEAK = YES;
				CLANG_WARN_BLOCK_CAPTURE_AUTORELEASING = YES;
				CLANG_WARN_BOOL_CONVERSION = YES;
				CLANG_WARN_COMMA = YES;
				CLANG_WARN_CONSTANT_CONVERSION = YES;
				CLANG_WARN_DEPRECATED_OBJC_IMPLEMENTATIONS = YES;
				CLANG_WARN_DIRECT_OBJC_ISA_USAGE = YES_ERROR;
				CLANG_WARN_DOCUMENTATION_COMMENTS = YES;
				CLANG_WARN_EMPTY_BODY = YES;
				CLANG_WARN_ENUM_CONVERSION = YES;
				CLANG_WARN_INFINITE_RECURSION = YES;
				CLANG_WARN_INT_CONVERSION = YES;
				CLANG_WARN_NON_LITERAL_NULL_CONVERSION = YES;
				CLANG_WARN_OBJC_IMPLICIT_RETAIN_SELF = YES;
				CLANG_WARN_OBJC_LITERAL_CONVERSION = YES;
				CLANG_WARN_OBJC_ROOT_CLASS = YES_ERROR;
				CLANG_WARN_RANGE_LOOP_ANALYSIS = YES;
				CLANG_WARN_STRICT_PROTOTYPES = YES;
				CLANG_WARN_SUSPICIOUS_MOVE = YES;
				CLANG_WARN_UNGUARDED_AVAILABILITY = YES_AGGRESSIVE;
				CLANG_WARN_UNREACHABLE_CODE = YES;
				CLANG_WARN__DUPLICATE_METHOD_MATCH = YES;
				CODE_SIGN_IDENTITY = "-";
				COPY_PHASE_STRIP = NO;
				DEBUG_INFORMATION_FORMAT = "dwarf-with-dsym";
				ENABLE_NS_ASSERTIONS = NO;
				ENABLE_STRICT_OBJC_MSGSEND = YES;
				GCC_C_LANGUAGE_STANDARD = gnu11;
				GCC_NO_COMMON_BLOCKS = YES;
				GCC_WARN_64_TO_32_BIT_CONVERSION = YES;
				GCC_WARN_ABOUT_RETURN_TYPE = YES_ERROR;
				GCC_WARN_UNDECLARED_SELECTOR = YES;
				GCC_WARN_UNINITIALIZED_AUTOS = YES_AGGRESSIVE;
				GCC_WARN_UNUSED_FUNCTION = YES;
				GCC_WARN_UNUSED_VARIABLE = YES;
				MACOSX_DEPLOYMENT_TARGET = 10.14;
				MTL_ENABLE_DEBUG_INFO = NO;
				MTL_FAST_MATH = YES;
				SDKROOT = macosx;
				SWIFT_COMPILATION_MODE = wholemodule;
				SWIFT_OPTIMIZATION_LEVEL = "-O";
			};
			name = Release;
		};
		1D9537D521763D7B00A2C3AD /* Debug */ = {
			isa = XCBuildConfiguration;
			buildSettings = {
				CODE_SIGN_STYLE = Automatic;
				PRODUCT_NAME = "$(TARGET_NAME)";
				SWIFT_VERSION = 4.2;
			};
			name = Debug;
		};
		1D9537D621763D7B00A2C3AD /* Release */ = {
			isa = XCBuildConfiguration;
			buildSettings = {
				CODE_SIGN_STYLE = Automatic;
				PRODUCT_NAME = "$(TARGET_NAME)";
				SWIFT_VERSION = 4.2;
			};
			name = Release;
		};
/* End XCBuildConfiguration section */

/* Begin XCConfigurationList section */
		1D9537C821763D7B00A2C3AD /* Build configuration list for PBXProject "LeetCode-Swift" */ = {
			isa = XCConfigurationList;
			buildConfigurations = (
				1D9537D221763D7B00A2C3AD /* Debug */,
				1D9537D321763D7B00A2C3AD /* Release */,
			);
			defaultConfigurationIsVisible = 0;
			defaultConfigurationName = Release;
		};
		1D9537D421763D7B00A2C3AD /* Build configuration list for PBXNativeTarget "LeetCode-Swift" */ = {
			isa = XCConfigurationList;
			buildConfigurations = (
				1D9537D521763D7B00A2C3AD /* Debug */,
				1D9537D621763D7B00A2C3AD /* Release */,
			);
			defaultConfigurationIsVisible = 0;
			defaultConfigurationName = Release;
		};
/* End XCConfigurationList section */
	};
	rootObject = 1D9537C521763D7B00A2C3AD /* Project object */;
}
